
Microsoft Visual Studio Solution File, Format Version 12.00
# Visual Studio Version 17
VisualStudioVersion = 17.11.35327.3
MinimumVisualStudioVersion = 10.0.40219.1
Project("{FAE04EC0-301F-11D3-BF4B-00C04F79EFBC}") = "ex01", "ex01\ex01.csproj", "{0C069CCC-5C25-401A-9AE8-539100CA3FBC}"
EndProject
Project("{FAE04EC0-301F-11D3-BF4B-00C04F79EFBC}") = "ex02", "ex02\ex02.csproj", "{07937BF6-BC95-4F80-973F-ACD3B5E2A17D}"
EndProject
Project("{FAE04EC0-301F-11D3-BF4B-00C04F79EFBC}") = "ex03", "ex03\ex03.csproj", "{DF8D3815-107F-4945-AFA5-D1597D8FC4CD}"
EndProject
Global
	GlobalSection(SolutionConfigurationPlatforms) = preSolution
		Debug|Any CPU = Debug|Any CPU
		Release|Any CPU = Release|Any CPU
	EndGlobalSection
	GlobalSection(ProjectConfigurationPlatforms) = postSolution
		{0C069CCC-5C25-401A-9AE8-539100CA3FBC}.Debug|Any CPU.ActiveCfg = Debug|Any CPU
		{0C069CCC-5C25-401A-9AE8-539100CA3FBC}.Debug|Any CPU.Build.0 = Debug|Any CPU
		{0C069CCC-5C25-401A-9AE8-539100CA3FBC}.Release|Any CPU.ActiveCfg = Release|Any CPU
		{0C069CCC-5C25-401A-9AE8-539100CA3FBC}.Release|Any CPU.Build.0 = Release|Any CPU
		{07937BF6-BC95-4F80-973F-ACD3B5E2A17D}.Debug|Any CPU.ActiveCfg = Debug|Any CPU
		{07937BF6-BC95-4F80-973F-ACD3B5E2A17D}.Debug|Any CPU.Build.0 = Debug|Any CPU
		{07937BF6-BC95-4F80-973F-ACD3B5E2A17D}.Release|Any CPU.ActiveCfg = Release|Any CPU
		{07937BF6-BC95-4F80-973F-ACD3B5E2A17D}.Release|Any CPU.Build.0 = Release|Any CPU
		{DF8D3815-107F-4945-AFA5-D1597D8FC4CD}.Debug|Any CPU.ActiveCfg = Debug|Any CPU
		{DF8D3815-107F-4945-AFA5-D1597D8FC4CD}.Debug|Any CPU.Build.0 = Debug|Any CPU
		{DF8D3815-107F-4945-AFA5-D1597D8FC4CD}.Release|Any CPU.ActiveCfg = Release|Any CPU
		{DF8D3815-107F-4945-AFA5-D1597D8FC4CD}.Release|Any CPU.Build.0 = Release|Any CPU
	EndGlobalSection
	GlobalSection(SolutionProperties) = preSolution
		HideSolutionNode = FALSE
	EndGlobalSection
	GlobalSection(ExtensibilityGlobals) = postSolution
		SolutionGuid = {AC82E30D-ADA2-48BD-9E35-F2B21C30C23C}
	EndGlobalSection
EndGlobal
